
Microsoft Visual Studio Solution File, Format Version 12.00
# Visual Studio Version 17
VisualStudioVersion = 17.5.33627.172
MinimumVisualStudioVersion = 10.0.40219.1
Project("{FAE04EC0-301F-11D3-BF4B-00C04F79EFBC}") = "HelloWorld2", "HelloWorld2\HelloWorld2.csproj", "{C39A2AD3-9FE9-49AE-BFBC-1DE13D3CDCC4}"
EndProject
Global
	GlobalSection(SolutionConfigurationPlatforms) = preSolution
		Debug|Any CPU = Debug|Any CPU
		Release|Any CPU = Release|Any CPU
	EndGlobalSection
	GlobalSection(ProjectConfigurationPlatforms) = postSolution
		{C39A2AD3-9FE9-49AE-BFBC-1DE13D3CDCC4}.Debug|Any CPU.ActiveCfg = Debug|Any CPU
		{C39A2AD3-9FE9-49AE-BFBC-1DE13D3CDCC4}.Debug|Any CPU.Build.0 = Debug|Any CPU
		{C39A2AD3-9FE9-49AE-BFBC-1DE13D3CDCC4}.Release|Any CPU.ActiveCfg = Release|Any CPU
		{C39A2AD3-9FE9-49AE-BFBC-1DE13D3CDCC4}.Release|Any CPU.Build.0 = Release|Any CPU
	EndGlobalSection
	GlobalSection(SolutionProperties) = preSolution
		HideSolutionNode = FALSE
	EndGlobalSection
	GlobalSection(ExtensibilityGlobals) = postSolution
		SolutionGuid = {D3B5735F-A036-415B-AFE0-F6A201CA9FB0}
	EndGlobalSection
EndGlobal
